
Microsoft Visual Studio Solution File, Format Version 12.00
# Visual Studio 14
VisualStudioVersion = 14.0.24720.0
MinimumVisualStudioVersion = 10.0.40219.1
Project("{FAE04EC0-301F-11D3-BF4B-00C04F79EFBC}") = "RsstoJson", "ConsoleApplication1\RsstoJson.csproj", "{6C271C6C-B866-4FE8-B356-8ACC622577A0}"
EndProject
Global
	GlobalSection(SolutionConfigurationPlatforms) = preSolution
		Debug|Any CPU = Debug|Any CPU
		Release|Any CPU = Release|Any CPU
	EndGlobalSection
	GlobalSection(ProjectConfigurationPlatforms) = postSolution
		{6C271C6C-B866-4FE8-B356-8ACC622577A0}.Debug|Any CPU.ActiveCfg = Debug|Any CPU
		{6C271C6C-B866-4FE8-B356-8ACC622577A0}.Debug|Any CPU.Build.0 = Debug|Any CPU
		{6C271C6C-B866-4FE8-B356-8ACC622577A0}.Release|Any CPU.ActiveCfg = Release|Any CPU
		{6C271C6C-B866-4FE8-B356-8ACC622577A0}.Release|Any CPU.Build.0 = Release|Any CPU
	EndGlobalSection
	GlobalSection(SolutionProperties) = preSolution
		HideSolutionNode = FALSE
	EndGlobalSection
EndGlobal
